// !$*UTF8*$!
{
	archiveVersion = 1;
	classes = {
	};
	objectVersion = 46;
	objects = {

/* Begin PBXBuildFile section */
		1E55A6BDB331B45C80D9E353 /* Pods_SocietyMgmtApp.framework in Frameworks */ = {isa = PBXBuildFile; fileRef = 7B8568AC514EFDCB0B4C6174 /* Pods_SocietyMgmtApp.framework */; };
		F0061B131F05706D00331E49 /* Constants.swift in Sources */ = {isa = PBXBuildFile; fileRef = F0061B121F05706D00331E49 /* Constants.swift */; };
		F0154DAF1F02A7A9008BF31D /* MySocietiesVC.swift in Sources */ = {isa = PBXBuildFile; fileRef = F0154DAE1F02A7A9008BF31D /* MySocietiesVC.swift */; };
		F0154DB11F02A7C7008BF31D /* MyProfileVC.swift in Sources */ = {isa = PBXBuildFile; fileRef = F0154DB01F02A7C7008BF31D /* MyProfileVC.swift */; };
		F0183D141F02A28C00FF4581 /* RegistrationVC.swift in Sources */ = {isa = PBXBuildFile; fileRef = F0183D131F02A28C00FF4581 /* RegistrationVC.swift */; };
		F05D818B1F02A560001117D5 /* GoogleService-Info.plist in Resources */ = {isa = PBXBuildFile; fileRef = F05D818A1F02A560001117D5 /* GoogleService-Info.plist */; };
		F06E2C031F04518300392968 /* Saturday be like Madness.ttf in Resources */ = {isa = PBXBuildFile; fileRef = F06E2C021F04518300392968 /* Saturday be like Madness.ttf */; };
		F06E2C051F046C6A00392968 /* Assets.xcassets in Resources */ = {isa = PBXBuildFile; fileRef = F06E2C041F046C6A00392968 /* Assets.xcassets */; };
		F077DFB21F048A3100964E41 /* SocietyCell.swift in Sources */ = {isa = PBXBuildFile; fileRef = F077DFB11F048A3100964E41 /* SocietyCell.swift */; };
		F0B86C2E1F02A9F000781179 /* RoundedButton.swift in Sources */ = {isa = PBXBuildFile; fileRef = F0B86C2D1F02A9F000781179 /* RoundedButton.swift */; };
		F0B86C301F02AA1A00781179 /* RoundTextField.swift in Sources */ = {isa = PBXBuildFile; fileRef = F0B86C2F1F02AA1A00781179 /* RoundTextField.swift */; };
		F0FA4C131F01E1A800A12F75 /* AppDelegate.swift in Sources */ = {isa = PBXBuildFile; fileRef = F0FA4C121F01E1A800A12F75 /* AppDelegate.swift */; };
		F0FA4C151F01E1A800A12F75 /* LoginVC.swift in Sources */ = {isa = PBXBuildFile; fileRef = F0FA4C141F01E1A800A12F75 /* LoginVC.swift */; };
		F0FA4C181F01E1A800A12F75 /* Main.storyboard in Resources */ = {isa = PBXBuildFile; fileRef = F0FA4C161F01E1A800A12F75 /* Main.storyboard */; };
		F0FA4C1B1F01E1A900A12F75 /* SocietyMgmtApp.xcdatamodeld in Sources */ = {isa = PBXBuildFile; fileRef = F0FA4C191F01E1A800A12F75 /* SocietyMgmtApp.xcdatamodeld */; };
		F0FA4C201F01E1A900A12F75 /* LaunchScreen.storyboard in Resources */ = {isa = PBXBuildFile; fileRef = F0FA4C1E1F01E1A900A12F75 /* LaunchScreen.storyboard */; };
/* End PBXBuildFile section */

/* Begin PBXFileReference section */
		68B206C1EF927F8BD1AE1162 /* Pods-SocietyMgmtApp.debug.xcconfig */ = {isa = PBXFileReference; includeInIndex = 1; lastKnownFileType = text.xcconfig; name = "Pods-SocietyMgmtApp.debug.xcconfig"; path = "Pods/Target Support Files/Pods-SocietyMgmtApp/Pods-SocietyMgmtApp.debug.xcconfig"; sourceTree = "<group>"; };
		7B8568AC514EFDCB0B4C6174 /* Pods_SocietyMgmtApp.framework */ = {isa = PBXFileReference; explicitFileType = wrapper.framework; includeInIndex = 0; path = Pods_SocietyMgmtApp.framework; sourceTree = BUILT_PRODUCTS_DIR; };
		A3DA6BEFE22C8D6DC4EEB5DD /* Pods-SocietyMgmtApp.release.xcconfig */ = {isa = PBXFileReference; includeInIndex = 1; lastKnownFileType = text.xcconfig; name = "Pods-SocietyMgmtApp.release.xcconfig"; path = "Pods/Target Support Files/Pods-SocietyMgmtApp/Pods-SocietyMgmtApp.release.xcconfig"; sourceTree = "<group>"; };
		F0061B121F05706D00331E49 /* Constants.swift */ = {isa = PBXFileReference; fileEncoding = 4; lastKnownFileType = sourcecode.swift; path = Constants.swift; sourceTree = "<group>"; };
		F0154DAE1F02A7A9008BF31D /* MySocietiesVC.swift */ = {isa = PBXFileReference; fileEncoding = 4; lastKnownFileType = sourcecode.swift; path = MySocietiesVC.swift; sourceTree = "<group>"; };
		F0154DB01F02A7C7008BF31D /* MyProfileVC.swift */ = {isa = PBXFileReference; fileEncoding = 4; lastKnownFileType = sourcecode.swift; path = MyProfileVC.swift; sourceTree = "<group>"; };
		F0183D131F02A28C00FF4581 /* RegistrationVC.swift */ = {isa = PBXFileReference; fileEncoding = 4; lastKnownFileType = sourcecode.swift; path = RegistrationVC.swift; sourceTree = "<group>"; };
		F05D818A1F02A560001117D5 /* GoogleService-Info.plist */ = {isa = PBXFileReference; fileEncoding = 4; lastKnownFileType = text.plist.xml; path = "GoogleService-Info.plist"; sourceTree = "<group>"; };
		F06E2C021F04518300392968 /* Saturday be like Madness.ttf */ = {isa = PBXFileReference; lastKnownFileType = file; path = "Saturday be like Madness.ttf"; sourceTree = "<group>"; };
		F06E2C041F046C6A00392968 /* Assets.xcassets */ = {isa = PBXFileReference; lastKnownFileType = folder.assetcatalog; path = Assets.xcassets; sourceTree = "<group>"; };
		F077DFB11F048A3100964E41 /* SocietyCell.swift */ = {isa = PBXFileReference; fileEncoding = 4; lastKnownFileType = sourcecode.swift; path = SocietyCell.swift; sourceTree = "<group>"; };
		F0B86C2D1F02A9F000781179 /* RoundedButton.swift */ = {isa = PBXFileReference; fileEncoding = 4; lastKnownFileType = sourcecode.swift; path = RoundedButton.swift; sourceTree = "<group>"; };
		F0B86C2F1F02AA1A00781179 /* RoundTextField.swift */ = {isa = PBXFileReference; fileEncoding = 4; lastKnownFileType = sourcecode.swift; path = RoundTextField.swift; sourceTree = "<group>"; };
		F0FA4C0F1F01E1A800A12F75 /* SocietyMgmtApp.app */ = {isa = PBXFileReference; explicitFileType = wrapper.application; includeInIndex = 0; path = SocietyMgmtApp.app; sourceTree = BUILT_PRODUCTS_DIR; };
		F0FA4C121F01E1A800A12F75 /* AppDelegate.swift */ = {isa = PBXFileReference; lastKnownFileType = sourcecode.swift; path = AppDelegate.swift; sourceTree = "<group>"; };
		F0FA4C141F01E1A800A12F75 /* LoginVC.swift */ = {isa = PBXFileReference; lastKnownFileType = sourcecode.swift; path = LoginVC.swift; sourceTree = "<group>"; };
		F0FA4C171F01E1A800A12F75 /* Base */ = {isa = PBXFileReference; lastKnownFileType = file.storyboard; name = Base; path = Base.lproj/Main.storyboard; sourceTree = "<group>"; };
		F0FA4C1A1F01E1A800A12F75 /* SocietyMgmtApp.xcdatamodel */ = {isa = PBXFileReference; lastKnownFileType = wrapper.xcdatamodel; path = SocietyMgmtApp.xcdatamodel; sourceTree = "<group>"; };
		F0FA4C1F1F01E1A900A12F75 /* Base */ = {isa = PBXFileReference; lastKnownFileType = file.storyboard; name = Base; path = Base.lproj/LaunchScreen.storyboard; sourceTree = "<group>"; };
		F0FA4C211F01E1A900A12F75 /* Info.plist */ = {isa = PBXFileReference; lastKnownFileType = text.plist.xml; path = Info.plist; sourceTree = "<group>"; };
/* End PBXFileReference section */

/* Begin PBXFrameworksBuildPhase section */
		F0FA4C0C1F01E1A800A12F75 /* Frameworks */ = {
			isa = PBXFrameworksBuildPhase;
			buildActionMask = 2147483647;
			files = (
				1E55A6BDB331B45C80D9E353 /* Pods_SocietyMgmtApp.framework in Frameworks */,
			);
			runOnlyForDeploymentPostprocessing = 0;
		};
/* End PBXFrameworksBuildPhase section */

/* Begin PBXGroup section */
		36C8E34A86ED7126E44F4E3C /* Frameworks */ = {
			isa = PBXGroup;
			children = (
				7B8568AC514EFDCB0B4C6174 /* Pods_SocietyMgmtApp.framework */,
			);
			name = Frameworks;
			sourceTree = "<group>";
		};
		772C82AD712059E96E92E784 /* Pods */ = {
			isa = PBXGroup;
			children = (
				68B206C1EF927F8BD1AE1162 /* Pods-SocietyMgmtApp.debug.xcconfig */,
				A3DA6BEFE22C8D6DC4EEB5DD /* Pods-SocietyMgmtApp.release.xcconfig */,
			);
			name = Pods;
			sourceTree = "<group>";
		};
		F0061B111F05705100331E49 /* Util */ = {
			isa = PBXGroup;
			children = (
				F0061B121F05706D00331E49 /* Constants.swift */,
			);
			name = Util;
			sourceTree = "<group>";
		};
		F0183D101F02A23600FF4581 /* Controller */ = {
			isa = PBXGroup;
			children = (
				F0FA4C141F01E1A800A12F75 /* LoginVC.swift */,
				F0183D131F02A28C00FF4581 /* RegistrationVC.swift */,
				F0154DAE1F02A7A9008BF31D /* MySocietiesVC.swift */,
				F0154DB01F02A7C7008BF31D /* MyProfileVC.swift */,
			);
			name = Controller;
			sourceTree = "<group>";
		};
		F0183D111F02A23E00FF4581 /* Model */ = {
			isa = PBXGroup;
			children = (
			);
			name = Model;
			sourceTree = "<group>";
		};
		F0183D121F02A24A00FF4581 /* View */ = {
			isa = PBXGroup;
			children = (
				F0B86C2D1F02A9F000781179 /* RoundedButton.swift */,
				F0B86C2F1F02AA1A00781179 /* RoundTextField.swift */,
				F077DFB11F048A3100964E41 /* SocietyCell.swift */,
			);
			name = View;
			sourceTree = "<group>";
		};
		F0FA4C061F01E1A800A12F75 = {
			isa = PBXGroup;
			children = (
				F0FA4C111F01E1A800A12F75 /* SocietyMgmtApp */,
				F0FA4C101F01E1A800A12F75 /* Products */,
				772C82AD712059E96E92E784 /* Pods */,
				36C8E34A86ED7126E44F4E3C /* Frameworks */,
			);
			sourceTree = "<group>";
		};
		F0FA4C101F01E1A800A12F75 /* Products */ = {
			isa = PBXGroup;
			children = (
				F0FA4C0F1F01E1A800A12F75 /* SocietyMgmtApp.app */,
			);
			name = Products;
			sourceTree = "<group>";
		};
		F0FA4C111F01E1A800A12F75 /* SocietyMgmtApp */ = {
			isa = PBXGroup;
			children = (
				F0061B111F05705100331E49 /* Util */,
				F0183D111F02A23E00FF4581 /* Model */,
				F0183D121F02A24A00FF4581 /* View */,
				F0183D101F02A23600FF4581 /* Controller */,
				F0FA4C121F01E1A800A12F75 /* AppDelegate.swift */,
				F0FA4C161F01E1A800A12F75 /* Main.storyboard */,
				F0FA4C1E1F01E1A900A12F75 /* LaunchScreen.storyboard */,
				F0FA4C211F01E1A900A12F75 /* Info.plist */,
				F05D818A1F02A560001117D5 /* GoogleService-Info.plist */,
				F06E2C021F04518300392968 /* Saturday be like Madness.ttf */,
				F0FA4C191F01E1A800A12F75 /* SocietyMgmtApp.xcdatamodeld */,
				F06E2C041F046C6A00392968 /* Assets.xcassets */,
			);
			path = SocietyMgmtApp;
			sourceTree = "<group>";
		};
/* End PBXGroup section */

/* Begin PBXNativeTarget section */
		F0FA4C0E1F01E1A800A12F75 /* SocietyMgmtApp */ = {
			isa = PBXNativeTarget;
			buildConfigurationList = F0FA4C241F01E1A900A12F75 /* Build configuration list for PBXNativeTarget "SocietyMgmtApp" */;
			buildPhases = (
				92616B01A5804123C49977C3 /* [CP] Check Pods Manifest.lock */,
				F0FA4C0B1F01E1A800A12F75 /* Sources */,
				F0FA4C0C1F01E1A800A12F75 /* Frameworks */,
				F0FA4C0D1F01E1A800A12F75 /* Resources */,
				CB0882DF5D3DE165C3AADB20 /* [CP] Embed Pods Frameworks */,
				EE56ED9BD92CC0603D0A3FA3 /* [CP] Copy Pods Resources */,
			);
			buildRules = (
			);
			dependencies = (
			);
			name = SocietyMgmtApp;
			productName = SocietyMgmtApp;
			productReference = F0FA4C0F1F01E1A800A12F75 /* SocietyMgmtApp.app */;
			productType = "com.apple.product-type.application";
		};
/* End PBXNativeTarget section */

/* Begin PBXProject section */
		F0FA4C071F01E1A800A12F75 /* Project object */ = {
			isa = PBXProject;
			attributes = {
				LastSwiftUpdateCheck = 0830;
				LastUpgradeCheck = 0830;
				ORGANIZATIONNAME = CVBuilts;
				TargetAttributes = {
					F0FA4C0E1F01E1A800A12F75 = {
						CreatedOnToolsVersion = 8.3.3;
						DevelopmentTeam = 3UB6S2K343;
						ProvisioningStyle = Automatic;
					};
				};
			};
			buildConfigurationList = F0FA4C0A1F01E1A800A12F75 /* Build configuration list for PBXProject "SocietyMgmtApp" */;
			compatibilityVersion = "Xcode 3.2";
			developmentRegion = English;
			hasScannedForEncodings = 0;
			knownRegions = (
				en,
				Base,
			);
			mainGroup = F0FA4C061F01E1A800A12F75;
			productRefGroup = F0FA4C101F01E1A800A12F75 /* Products */;
			projectDirPath = "";
			projectRoot = "";
			targets = (
				F0FA4C0E1F01E1A800A12F75 /* SocietyMgmtApp */,
			);
		};
/* End PBXProject section */

/* Begin PBXResourcesBuildPhase section */
		F0FA4C0D1F01E1A800A12F75 /* Resources */ = {
			isa = PBXResourcesBuildPhase;
			buildActionMask = 2147483647;
			files = (
				F06E2C031F04518300392968 /* Saturday be like Madness.ttf in Resources */,
				F0FA4C201F01E1A900A12F75 /* LaunchScreen.storyboard in Resources */,
				F05D818B1F02A560001117D5 /* GoogleService-Info.plist in Resources */,
				F0FA4C181F01E1A800A12F75 /* Main.storyboard in Resources */,
				F06E2C051F046C6A00392968 /* Assets.xcassets in Resources */,
			);
			runOnlyForDeploymentPostprocessing = 0;
		};
/* End PBXResourcesBuildPhase section */

/* Begin PBXShellScriptBuildPhase section */
		92616B01A5804123C49977C3 /* [CP] Check Pods Manifest.lock */ = {
			isa = PBXShellScriptBuildPhase;
			buildActionMask = 2147483647;
			files = (
			);
			inputPaths = (
			);
			name = "[CP] Check Pods Manifest.lock";
			outputPaths = (
			);
			runOnlyForDeploymentPostprocessing = 0;
			shellPath = /bin/sh;
			shellScript = "diff \"${PODS_PODFILE_DIR_PATH}/Podfile.lock\" \"${PODS_ROOT}/Manifest.lock\" > /dev/null\nif [ $? != 0 ] ; then\n    # print error to STDERR\n    echo \"error: The sandbox is not in sync with the Podfile.lock. Run 'pod install' or update your CocoaPods installation.\" >&2\n    exit 1\nfi\n";
			showEnvVarsInLog = 0;
		};
		CB0882DF5D3DE165C3AADB20 /* [CP] Embed Pods Frameworks */ = {
			isa = PBXShellScriptBuildPhase;
			buildActionMask = 2147483647;
			files = (
			);
			inputPaths = (
			);
			name = "[CP] Embed Pods Frameworks";
			outputPaths = (
			);
			runOnlyForDeploymentPostprocessing = 0;
			shellPath = /bin/sh;
			shellScript = "\"${SRCROOT}/Pods/Target Support Files/Pods-SocietyMgmtApp/Pods-SocietyMgmtApp-frameworks.sh\"\n";
			showEnvVarsInLog = 0;
		};
		EE56ED9BD92CC0603D0A3FA3 /* [CP] Copy Pods Resources */ = {
			isa = PBXShellScriptBuildPhase;
			buildActionMask = 2147483647;
			files = (
			);
			inputPaths = (
			);
			name = "[CP] Copy Pods Resources";
			outputPaths = (
			);
			runOnlyForDeploymentPostprocessing = 0;
			shellPath = /bin/sh;
			shellScript = "\"${SRCROOT}/Pods/Target Support Files/Pods-SocietyMgmtApp/Pods-SocietyMgmtApp-resources.sh\"\n";
			showEnvVarsInLog = 0;
		};
/* End PBXShellScriptBuildPhase section */

/* Begin PBXSourcesBuildPhase section */
		F0FA4C0B1F01E1A800A12F75 /* Sources */ = {
			isa = PBXSourcesBuildPhase;
			buildActionMask = 2147483647;
			files = (
				F0B86C301F02AA1A00781179 /* RoundTextField.swift in Sources */,
				F0154DB11F02A7C7008BF31D /* MyProfileVC.swift in Sources */,
				F0FA4C151F01E1A800A12F75 /* LoginVC.swift in Sources */,
				F0154DAF1F02A7A9008BF31D /* MySocietiesVC.swift in Sources */,
				F0FA4C1B1F01E1A900A12F75 /* SocietyMgmtApp.xcdatamodeld in Sources */,
				F0061B131F05706D00331E49 /* Constants.swift in Sources */,
				F0B86C2E1F02A9F000781179 /* RoundedButton.swift in Sources */,
				F0FA4C131F01E1A800A12F75 /* AppDelegate.swift in Sources */,
				F077DFB21F048A3100964E41 /* SocietyCell.swift in Sources */,
				F0183D141F02A28C00FF4581 /* RegistrationVC.swift in Sources */,
			);
			runOnlyForDeploymentPostprocessing = 0;
		};
/* End PBXSourcesBuildPhase section */

/* Begin PBXVariantGroup section */
		F0FA4C161F01E1A800A12F75 /* Main.storyboard */ = {
			isa = PBXVariantGroup;
			children = (
				F0FA4C171F01E1A800A12F75 /* Base */,
			);
			name = Main.storyboard;
			sourceTree = "<group>";
		};
		F0FA4C1E1F01E1A900A12F75 /* LaunchScreen.storyboard */ = {
			isa = PBXVariantGroup;
			children = (
				F0FA4C1F1F01E1A900A12F75 /* Base */,
			);
			name = LaunchScreen.storyboard;
			sourceTree = "<group>";
		};
/* End PBXVariantGroup section */

/* Begin XCBuildConfiguration section */
		F0FA4C221F01E1A900A12F75 /* Debug */ = {
			isa = XCBuildConfiguration;
			buildSettings = {
				ALWAYS_SEARCH_USER_PATHS = NO;
				CLANG_ANALYZER_NONNULL = YES;
				CLANG_ANALYZER_NUMBER_OBJECT_CONVERSION = YES_AGGRESSIVE;
				CLANG_CXX_LANGUAGE_STANDARD = "gnu++0x";
				CLANG_CXX_LIBRARY = "libc++";
				CLANG_ENABLE_MODULES = YES;
				CLANG_ENABLE_OBJC_ARC = YES;
				CLANG_WARN_BOOL_CONVERSION = YES;
				CLANG_WARN_CONSTANT_CONVERSION = YES;
				CLANG_WARN_DIRECT_OBJC_ISA_USAGE = YES_ERROR;
				CLANG_WARN_DOCUMENTATION_COMMENTS = YES;
				CLANG_WARN_EMPTY_BODY = YES;
				CLANG_WARN_ENUM_CONVERSION = YES;
				CLANG_WARN_INFINITE_RECURSION = YES;
				CLANG_WARN_INT_CONVERSION = YES;
				CLANG_WARN_OBJC_ROOT_CLASS = YES_ERROR;
				CLANG_WARN_SUSPICIOUS_MOVE = YES;
				CLANG_WARN_UNREACHABLE_CODE = YES;
				CLANG_WARN__DUPLICATE_METHOD_MATCH = YES;
				"CODE_SIGN_IDENTITY[sdk=iphoneos*]" = "iPhone Developer";
				COPY_PHASE_STRIP = NO;
				DEBUG_INFORMATION_FORMAT = dwarf;
				ENABLE_STRICT_OBJC_MSGSEND = YES;
				ENABLE_TESTABILITY = YES;
				GCC_C_LANGUAGE_STANDARD = gnu99;
				GCC_DYNAMIC_NO_PIC = NO;
				GCC_NO_COMMON_BLOCKS = YES;
				GCC_OPTIMIZATION_LEVEL = 0;
				GCC_PREPROCESSOR_DEFINITIONS = (
					"DEBUG=1",
					"$(inherited)",
				);
				GCC_WARN_64_TO_32_BIT_CONVERSION = YES;
				GCC_WARN_ABOUT_RETURN_TYPE = YES_ERROR;
				GCC_WARN_UNDECLARED_SELECTOR = YES;
				GCC_WARN_UNINITIALIZED_AUTOS = YES_AGGRESSIVE;
				GCC_WARN_UNUSED_FUNCTION = YES;
				GCC_WARN_UNUSED_VARIABLE = YES;
				IPHONEOS_DEPLOYMENT_TARGET = 10.3;
				MTL_ENABLE_DEBUG_INFO = YES;
				ONLY_ACTIVE_ARCH = YES;
				SDKROOT = iphoneos;
				SWIFT_ACTIVE_COMPILATION_CONDITIONS = DEBUG;
				SWIFT_OPTIMIZATION_LEVEL = "-Onone";
				TARGETED_DEVICE_FAMILY = "1,2";
			};
			name = Debug;
		};
		F0FA4C231F01E1A900A12F75 /* Release */ = {
			isa = XCBuildConfiguration;
			buildSettings = {
				ALWAYS_SEARCH_USER_PATHS = NO;
				CLANG_ANALYZER_NONNULL = YES;
				CLANG_ANALYZER_NUMBER_OBJECT_CONVERSION = YES_AGGRESSIVE;
				CLANG_CXX_LANGUAGE_STANDARD = "gnu++0x";
				CLANG_CXX_LIBRARY = "libc++";
				CLANG_ENABLE_MODULES = YES;
				CLANG_ENABLE_OBJC_ARC = YES;
				CLANG_WARN_BOOL_CONVERSION = YES;
				CLANG_WARN_CONSTANT_CONVERSION = YES;
				CLANG_WARN_DIRECT_OBJC_ISA_USAGE = YES_ERROR;
				CLANG_WARN_DOCUMENTATION_COMMENTS = YES;
				CLANG_WARN_EMPTY_BODY = YES;
				CLANG_WARN_ENUM_CONVERSION = YES;
				CLANG_WARN_INFINITE_RECURSION = YES;
				CLANG_WARN_INT_CONVERSION = YES;
				CLANG_WARN_OBJC_ROOT_CLASS = YES_ERROR;
				CLANG_WARN_SUSPICIOUS_MOVE = YES;
				CLANG_WARN_UNREACHABLE_CODE = YES;
				CLANG_WARN__DUPLICATE_METHOD_MATCH = YES;
				"CODE_SIGN_IDENTITY[sdk=iphoneos*]" = "iPhone Developer";
				COPY_PHASE_STRIP = NO;
				DEBUG_INFORMATION_FORMAT = "dwarf-with-dsym";
				ENABLE_NS_ASSERTIONS = NO;
				ENABLE_STRICT_OBJC_MSGSEND = YES;
				GCC_C_LANGUAGE_STANDARD = gnu99;
				GCC_NO_COMMON_BLOCKS = YES;
				GCC_WARN_64_TO_32_BIT_CONVERSION = YES;
				GCC_WARN_ABOUT_RETURN_TYPE = YES_ERROR;
				GCC_WARN_UNDECLARED_SELECTOR = YES;
				GCC_WARN_UNINITIALIZED_AUTOS = YES_AGGRESSIVE;
				GCC_WARN_UNUSED_FUNCTION = YES;
				GCC_WARN_UNUSED_VARIABLE = YES;
				IPHONEOS_DEPLOYMENT_TARGET = 10.3;
				MTL_ENABLE_DEBUG_INFO = NO;
				SDKROOT = iphoneos;
				SWIFT_OPTIMIZATION_LEVEL = "-Owholemodule";
				TARGETED_DEVICE_FAMILY = "1,2";
				VALIDATE_PRODUCT = YES;
			};
			name = Release;
		};
		F0FA4C251F01E1A900A12F75 /* Debug */ = {
			isa = XCBuildConfiguration;
			baseConfigurationReference = 68B206C1EF927F8BD1AE1162 /* Pods-SocietyMgmtApp.debug.xcconfig */;
			buildSettings = {
				ASSETCATALOG_COMPILER_APPICON_NAME = AppIcon;
				DEVELOPMENT_TEAM = 3UB6S2K343;
				INFOPLIST_FILE = SocietyMgmtApp/Info.plist;
				LD_RUNPATH_SEARCH_PATHS = "$(inherited) @executable_path/Frameworks";
				PRODUCT_BUNDLE_IDENTIFIER = com.CVBuilts.SocietyMgmtApp;
				PRODUCT_NAME = "$(TARGET_NAME)";
				SWIFT_VERSION = 3.0;
			};
			name = Debug;
		};
		F0FA4C261F01E1A900A12F75 /* Release */ = {
			isa = XCBuildConfiguration;
			baseConfigurationReference = A3DA6BEFE22C8D6DC4EEB5DD /* Pods-SocietyMgmtApp.release.xcconfig */;
			buildSettings = {
				ASSETCATALOG_COMPILER_APPICON_NAME = AppIcon;
				DEVELOPMENT_TEAM = 3UB6S2K343;
				INFOPLIST_FILE = SocietyMgmtApp/Info.plist;
				LD_RUNPATH_SEARCH_PATHS = "$(inherited) @executable_path/Frameworks";
				PRODUCT_BUNDLE_IDENTIFIER = com.CVBuilts.SocietyMgmtApp;
				PRODUCT_NAME = "$(TARGET_NAME)";
				SWIFT_VERSION = 3.0;
			};
			name = Release;
		};
/* End XCBuildConfiguration section */

/* Begin XCConfigurationList section */
		F0FA4C0A1F01E1A800A12F75 /* Build configuration list for PBXProject "SocietyMgmtApp" */ = {
			isa = XCConfigurationList;
			buildConfigurations = (
				F0FA4C221F01E1A900A12F75 /* Debug */,
				F0FA4C231F01E1A900A12F75 /* Release */,
			);
			defaultConfigurationIsVisible = 0;
			defaultConfigurationName = Release;
		};
		F0FA4C241F01E1A900A12F75 /* Build configuration list for PBXNativeTarget "SocietyMgmtApp" */ = {
			isa = XCConfigurationList;
			buildConfigurations = (
				F0FA4C251F01E1A900A12F75 /* Debug */,
				F0FA4C261F01E1A900A12F75 /* Release */,
			);
			defaultConfigurationIsVisible = 0;
			defaultConfigurationName = Release;
		};
/* End XCConfigurationList section */

/* Begin XCVersionGroup section */
		F0FA4C191F01E1A800A12F75 /* SocietyMgmtApp.xcdatamodeld */ = {
			isa = XCVersionGroup;
			children = (
				F0FA4C1A1F01E1A800A12F75 /* SocietyMgmtApp.xcdatamodel */,
			);
			currentVersion = F0FA4C1A1F01E1A800A12F75 /* SocietyMgmtApp.xcdatamodel */;
			path = SocietyMgmtApp.xcdatamodeld;
			sourceTree = "<group>";
			versionGroupType = wrapper.xcdatamodel;
		};
/* End XCVersionGroup section */
	};
	rootObject = F0FA4C071F01E1A800A12F75 /* Project object */;
}
